dependencies:
  esp-idf-lib/esp_idf_lib_helpers:
    component_hash: 
      689853bb8993434f9556af0f2816e808bf77b5d22100144b21f3519993daf237
    dependencies: []
    source:
      registry_url: https://components.espressif.com/
      type: service
    targets:
    - esp32
    - esp32c2
    - esp32c3
    - esp32c5
    - esp32c6
    - esp32c61
    - esp32h2
    - esp32p4
    - esp32s2
    - esp32s3
    version: 1.4.0
  esp-idf-lib/hd44780:
    component_hash: 
      61dbd00fd6c41489d01c70db4350617e16d0f99bd6deb81cfed5b30c9c298cf4
    dependencies: []
    source:
      registry_url: https://components.espressif.com/
      type: service
    targets:
    - esp32
    - esp32c2
    - esp32c3
    - esp32c5
    - esp32c6
    - esp32c61
    - esp32h2
    - esp32p4
    - esp32s2
    - esp32s3
    version: 1.3.0
  idf:
    source:
      type: idf
    version: 6.1.0
direct_dependencies:
- esp-idf-lib/esp_idf_lib_helpers
- esp-idf-lib/hd44780
manifest_hash: 77725640c610259569f3811705b2b0683535ff9ce7d73aa5eca7470795cba95c
target: esp32s3
version: 2.0.0
